
Microsoft Visual Studio Solution File, Format Version 12.00
# Visual Studio Version 16
VisualStudioVersion = 16.0.30804.86
MinimumVisualStudioVersion = 10.0.40219.1
Project("{9A19103F-16F7-4668-BE54-9A1E7A4F7556}") = "Education.WebApp", "Education.WebApp\Education.WebApp.csproj", "{E00AE6A1-2E76-4743-BEE7-62632C40386C}"
EndProject
Project("{9A19103F-16F7-4668-BE54-9A1E7A4F7556}") = "Education.Entities", "Education.Entities\Education.Entities.csproj", "{396837AB-4E86-4D93-9823-5AEA7264C4B5}"
EndProject
Project("{9A19103F-16F7-4668-BE54-9A1E7A4F7556}") = "Education.Services", "Education.Services\Education.Services.csproj", "{B121114C-DB53-4BF1-8649-F1360CAA041F}"
EndProject
Project("{9A19103F-16F7-4668-BE54-9A1E7A4F7556}") = "Education.Interfaces", "Education.Interfaces\Education.Interfaces.csproj", "{53CC5D75-1181-4EC7-982B-50B5F435C7E8}"
EndProject
Project("{9A19103F-16F7-4668-BE54-9A1E7A4F7556}") = "Education.Models", "Education.Models\Education.Models.csproj", "{B0421F3D-212D-46F0-8885-323BD3960245}"
EndProject
Project("{FAE04EC0-301F-11D3-BF4B-00C04F79EFBC}") = "Education.Data", "Education.Data\Education.Data.csproj", "{5F90CC6C-3EF6-413B-8166-91C206972E7D}"
EndProject
Global
	GlobalSection(SolutionConfigurationPlatforms) = preSolution
		Debug|Any CPU = Debug|Any CPU
		Release|Any CPU = Release|Any CPU
	EndGlobalSection
	GlobalSection(ProjectConfigurationPlatforms) = postSolution
		{E00AE6A1-2E76-4743-BEE7-62632C40386C}.Debug|Any CPU.ActiveCfg = Debug|Any CPU
		{E00AE6A1-2E76-4743-BEE7-62632C40386C}.Debug|Any CPU.Build.0 = Debug|Any CPU
		{E00AE6A1-2E76-4743-BEE7-62632C40386C}.Release|Any CPU.ActiveCfg = Release|Any CPU
		{E00AE6A1-2E76-4743-BEE7-62632C40386C}.Release|Any CPU.Build.0 = Release|Any CPU
		{396837AB-4E86-4D93-9823-5AEA7264C4B5}.Debug|Any CPU.ActiveCfg = Debug|Any CPU
		{396837AB-4E86-4D93-9823-5AEA7264C4B5}.Debug|Any CPU.Build.0 = Debug|Any CPU
		{396837AB-4E86-4D93-9823-5AEA7264C4B5}.Release|Any CPU.ActiveCfg = Release|Any CPU
		{396837AB-4E86-4D93-9823-5AEA7264C4B5}.Release|Any CPU.Build.0 = Release|Any CPU
		{B121114C-DB53-4BF1-8649-F1360CAA041F}.Debug|Any CPU.ActiveCfg = Debug|Any CPU
		{B121114C-DB53-4BF1-8649-F1360CAA041F}.Debug|Any CPU.Build.0 = Debug|Any CPU
		{B121114C-DB53-4BF1-8649-F1360CAA041F}.Release|Any CPU.ActiveCfg = Release|Any CPU
		{B121114C-DB53-4BF1-8649-F1360CAA041F}.Release|Any CPU.Build.0 = Release|Any CPU
		{53CC5D75-1181-4EC7-982B-50B5F435C7E8}.Debug|Any CPU.ActiveCfg = Debug|Any CPU
		{53CC5D75-1181-4EC7-982B-50B5F435C7E8}.Debug|Any CPU.Build.0 = Debug|Any CPU
		{53CC5D75-1181-4EC7-982B-50B5F435C7E8}.Release|Any CPU.ActiveCfg = Release|Any CPU
		{53CC5D75-1181-4EC7-982B-50B5F435C7E8}.Release|Any CPU.Build.0 = Release|Any CPU
		{B0421F3D-212D-46F0-8885-323BD3960245}.Debug|Any CPU.ActiveCfg = Debug|Any CPU
		{B0421F3D-212D-46F0-8885-323BD3960245}.Debug|Any CPU.Build.0 = Debug|Any CPU
		{B0421F3D-212D-46F0-8885-323BD3960245}.Release|Any CPU.ActiveCfg = Release|Any CPU
		{B0421F3D-212D-46F0-8885-323BD3960245}.Release|Any CPU.Build.0 = Release|Any CPU
		{5F90CC6C-3EF6-413B-8166-91C206972E7D}.Debug|Any CPU.ActiveCfg = Debug|Any CPU
		{5F90CC6C-3EF6-413B-8166-91C206972E7D}.Debug|Any CPU.Build.0 = Debug|Any CPU
		{5F90CC6C-3EF6-413B-8166-91C206972E7D}.Release|Any CPU.ActiveCfg = Release|Any CPU
		{5F90CC6C-3EF6-413B-8166-91C206972E7D}.Release|Any CPU.Build.0 = Release|Any CPU
	EndGlobalSection
	GlobalSection(SolutionProperties) = preSolution
		HideSolutionNode = FALSE
	EndGlobalSection
	GlobalSection(ExtensibilityGlobals) = postSolution
		SolutionGuid = {593E5FE0-B85B-4DF9-B2B4-CD8BCB9E187C}
	EndGlobalSection
EndGlobal
